<?xml version="1.0" encoding="utf-8"?>
<Project ToolsVersion="4.0" xmlns="http://schemas.microsoft.com/developer/msbuild/2003">
  <ItemGroup>
    <Filter Include="Source Files">
      <UniqueIdentifier>{4FC737F1-C7A5-4376-A066-2A32D752A2FF}</UniqueIdentifier>
      <Extensions>cpp;c;cc;cxx;c++;cppm;ixx;def;odl;idl;hpj;bat;asm;asmx</Extensions>
    </Filter>
    <Filter Include="Resource Files">
      <UniqueIdentifier>{67DA6AB6-F800-4c08-8B7A-83BB121AAD01}</UniqueIdentifier>
      <Extensions>rc;ico;cur;bmp;dlg;rc2;rct;bin;rgs;gif;jpg;jpeg;jpe;resx;tiff;tif;png;wav;mfcribbon-ms</Extensions>
    </Filter>
    <Filter Include="Components">
      <UniqueIdentifier>{8d159607-5cb4-4419-adfe-9dd063e0f3d8}</UniqueIdentifier>
    </Filter>
    <Filter Include="Headers">
      <UniqueIdentifier>{93995380-89BD-4b04-88EB-625FBE52EBFB}</UniqueIdentifier>
      <Extensions>h;hh;hpp;hxx;h++;hm;inl;inc;ipp;xsd</Extensions>
    </Filter>
    <Filter Include="Commands">
      <UniqueIdentifier>{c6c8a7c3-0ba0-4b67-a09b-677af2ed86c3}</UniqueIdentifier>
    </Filter>
  </ItemGroup>
  <ItemGroup>
    <ClCompile Include="main.cpp">
      <Filter>Source Files</Filter>
    </ClCompile>
    <ClCompile Include="PacmanMovement.cpp">
      <Filter>Components</Filter>
    </ClCompile>
    <ClCompile Include="..\Minigin\Rotator.cpp">
      <Filter>Components</Filter>
    </ClCompile>
    <ClCompile Include="ChangeDirection.cpp">
      <Filter>Commands</Filter>
    </ClCompile>
    <ClCompile Include="Level.cpp">
      <Filter>Source Files</Filter>
    </ClCompile>
    <ClCompile Include="Game.cpp">
      <Filter>Source Files</Filter>
    </ClCompile>
    <ClCompile Include="PacmanController.cpp">
      <Filter>Components</Filter>
    </ClCompile>
    <ClCompile Include="PelletController.cpp">
      <Filter>Components</Filter>
    </ClCompile>
    <ClCompile Include="ScoreComponent.cpp">
      <Filter>Source Files</Filter>
    </ClCompile>
    <ClCompile Include="BlinkyController.cpp">
      <Filter>Components</Filter>
    </ClCompile>
  </ItemGroup>
  <ItemGroup>
    <ClInclude Include="PacmanMovement.h">
      <Filter>Components</Filter>
    </ClInclude>
    <ClInclude Include="..\Minigin\Rotator.h">
      <Filter>Components</Filter>
    </ClInclude>
    <ClInclude Include="ChangeDirection.h">
      <Filter>Commands</Filter>
    </ClInclude>
    <ClInclude Include="PacmanController.h">
      <Filter>Components</Filter>
    </ClInclude>
    <ClInclude Include="Level.h">
      <Filter>Headers</Filter>
    </ClInclude>
    <ClInclude Include="Game.h">
      <Filter>Headers</Filter>
    </ClInclude>
    <ClInclude Include="PelletController.h">
      <Filter>Components</Filter>
    </ClInclude>
    <ClInclude Include="ScoreComponent.h">
      <Filter>Headers</Filter>
    </ClInclude>
    <ClInclude Include="BlinkyController.h">
      <Filter>Components</Filter>
    </ClInclude>
  </ItemGroup>
</Project>